
Microsoft Visual Studio Solution File, Format Version 12.00
# Visual Studio 14
VisualStudioVersion = 14.0.23107.0
MinimumVisualStudioVersion = 10.0.40219.1
Project("{FAE04EC0-301F-11D3-BF4B-00C04F79EFBC}") = "use-case-application", "use-case-application\use-case-application.csproj", "{1DFFB78E-2B95-483A-AD87-A0107CC6F4D7}"
EndProject
Global
	GlobalSection(SolutionConfigurationPlatforms) = preSolution
		Debug|Any CPU = Debug|Any CPU
		Release|Any CPU = Release|Any CPU
	EndGlobalSection
	GlobalSection(ProjectConfigurationPlatforms) = postSolution
		{1DFFB78E-2B95-483A-AD87-A0107CC6F4D7}.Debug|Any CPU.ActiveCfg = Debug|Any CPU
		{1DFFB78E-2B95-483A-AD87-A0107CC6F4D7}.Debug|Any CPU.Build.0 = Debug|Any CPU
		{1DFFB78E-2B95-483A-AD87-A0107CC6F4D7}.Release|Any CPU.ActiveCfg = Release|Any CPU
		{1DFFB78E-2B95-483A-AD87-A0107CC6F4D7}.Release|Any CPU.Build.0 = Release|Any CPU
	EndGlobalSection
	GlobalSection(SolutionProperties) = preSolution
		HideSolutionNode = FALSE
	EndGlobalSection
	GlobalSection(ExtensibilityGlobals) = postSolution
		SolutionGuid = {4E3C4AF9-F35B-47DE-A171-7E96B498AC1A}
	EndGlobalSection
EndGlobal
